// !$*UTF8*$!
{
	archiveVersion = 1;
	classes = {
	};
	objectVersion = 45;
	objects = {

/* Begin PBXBuildFile section */
		1DDD58160DA1D0A300B32029 /* MainMenu.xib in Resources */ = {isa = PBXBuildFile; fileRef = 1DDD58140DA1D0A300B32029 /* MainMenu.xib */; };
		8D11072B0486CEB800E47090 /* InfoPlist.strings in Resources */ = {isa = PBXBuildFile; fileRef = 089C165CFE840E0CC02AAC07 /* InfoPlist.strings */; };
		8D11072D0486CEB800E47090 /* main.m in Sources */ = {isa = PBXBuildFile; fileRef = 29B97316FDCFA39411CA2CEA /* main.m */; settings = {ATTRIBUTES = (); }; };
		8D11072F0486CEB800E47090 /* Cocoa.framework in Frameworks */ = {isa = PBXBuildFile; fileRef = 1058C7A1FEA54F0111CA2CBB /* Cocoa.framework */; };
		9B154EAE11C539F7009EA276 /* IssueDisplayView.m in Sources */ = {isa = PBXBuildFile; fileRef = 9B154EAD11C539F7009EA276 /* IssueDisplayView.m */; };
		9B154EB211C53A40009EA276 /* WebKit.framework in Frameworks */ = {isa = PBXBuildFile; fileRef = 9B154EB111C53A40009EA276 /* WebKit.framework */; };
		9B33646111C5F4B800447412 /* APIOperation.m in Sources */ = {isa = PBXBuildFile; fileRef = 9B33646011C5F4B800447412 /* APIOperation.m */; };
		9B46DCD211ABA087009E522E /* PreferencesController.m in Sources */ = {isa = PBXBuildFile; fileRef = 9B46DCD111ABA087009E522E /* PreferencesController.m */; };
		9B46DCF811ABA2CD009E522E /* Preferences.xib in Resources */ = {isa = PBXBuildFile; fileRef = 9B46DCF711ABA2CD009E522E /* Preferences.xib */; };
		9B46DD7B11ABA7F2009E522E /* SystemConfiguration.framework in Frameworks */ = {isa = PBXBuildFile; fileRef = 9B46DD7A11ABA7F2009E522E /* SystemConfiguration.framework */; };
		9B5FF22B11C7611E004B5ADD /* default.css in Resources */ = {isa = PBXBuildFile; fileRef = 9B5FF22A11C7611E004B5ADD /* default.css */; };
		9B62DA68119F5A2E0056F427 /* Issue.m in Sources */ = {isa = PBXBuildFile; fileRef = 9B62DA58119F5A2E0056F427 /* Issue.m */; };
		9B62DA6B119F5A2E0056F427 /* NSArrayAdditions.m in Sources */ = {isa = PBXBuildFile; fileRef = 9B62DA5E119F5A2E0056F427 /* NSArrayAdditions.m */; };
		9B62DA6C119F5A2E0056F427 /* Project.m in Sources */ = {isa = PBXBuildFile; fileRef = 9B62DA60119F5A2E0056F427 /* Project.m */; };
		9B62DA6D119F5A2E0056F427 /* RedminerAppDelegate.m in Sources */ = {isa = PBXBuildFile; fileRef = 9B62DA62119F5A2E0056F427 /* RedminerAppDelegate.m */; };
		9B674FC411A9D39F00C9BAAD /* _Note.m in Sources */ = {isa = PBXBuildFile; fileRef = 9B674FC111A9D39F00C9BAAD /* _Note.m */; };
		9B674FC511A9D39F00C9BAAD /* Note.m in Sources */ = {isa = PBXBuildFile; fileRef = 9B674FC311A9D39F00C9BAAD /* Note.m */; };
		9B6751CE11A9E8E100C9BAAD /* StatusLabel.m in Sources */ = {isa = PBXBuildFile; fileRef = 9B6751CD11A9E8E100C9BAAD /* StatusLabel.m */; };
		9B6751EF11A9EAE600C9BAAD /* GOLogger.m in Sources */ = {isa = PBXBuildFile; fileRef = 9B6751EE11A9EAE600C9BAAD /* GOLogger.m */; };
		9B8AFB8411AD01FF00C750F1 /* Sparkle.framework in Frameworks */ = {isa = PBXBuildFile; fileRef = 9B8AFB8311AD01FF00C750F1 /* Sparkle.framework */; };
		9B8AFBA611AD02EF00C750F1 /* Sparkle.framework in Sparkle */ = {isa = PBXBuildFile; fileRef = 9B8AFB8311AD01FF00C750F1 /* Sparkle.framework */; };
		9BA93BAE11A7A34F00C7B761 /* CoreData.framework in Frameworks */ = {isa = PBXBuildFile; fileRef = 9BA93BAD11A7A34F00C7B761 /* CoreData.framework */; };
		9BA93BB011A7A37B00C7B761 /* Redminer.xcdatamodel in Sources */ = {isa = PBXBuildFile; fileRef = 9BA93BAF11A7A37B00C7B761 /* Redminer.xcdatamodel */; };
		9BA93BC611A7A57A00C7B761 /* _Issue.m in Sources */ = {isa = PBXBuildFile; fileRef = 9BA93BBD11A7A57A00C7B761 /* _Issue.m */; };
		9BA93BC911A7A57A00C7B761 /* _Project.m in Sources */ = {isa = PBXBuildFile; fileRef = 9BA93BC311A7A57A00C7B761 /* _Project.m */; };
		9BA93C0D11A7A64F00C7B761 /* CoreDataVendor.m in Sources */ = {isa = PBXBuildFile; fileRef = 9BA93C0C11A7A64F00C7B761 /* CoreDataVendor.m */; };
		9BBF538411A638140091E3CE /* ProjectDataSource.m in Sources */ = {isa = PBXBuildFile; fileRef = 9BBF538311A638140091E3CE /* ProjectDataSource.m */; };
		9BBF543411A647650091E3CE /* IssueCell.m in Sources */ = {isa = PBXBuildFile; fileRef = 9BBF543311A647650091E3CE /* IssueCell.m */; };
		9BBF551911A65F900091E3CE /* ProjectCell.m in Sources */ = {isa = PBXBuildFile; fileRef = 9BBF551811A65F900091E3CE /* ProjectCell.m */; };
/* End PBXBuildFile section */

/* Begin PBXCopyFilesBuildPhase section */
		9B8AFBA511AD02CC00C750F1 /* Sparkle */ = {
			isa = PBXCopyFilesBuildPhase;
			buildActionMask = 2147483647;
			dstPath = "";
			dstSubfolderSpec = 10;
			files = (
				9B8AFBA611AD02EF00C750F1 /* Sparkle.framework in Sparkle */,
			);
			name = Sparkle;
			runOnlyForDeploymentPostprocessing = 0;
		};
/* End PBXCopyFilesBuildPhase section */

/* Begin PBXFileReference section */
		089C165DFE840E0CC02AAC07 /* English */ = {isa = PBXFileReference; fileEncoding = 4; lastKnownFileType = text.plist.strings; name = English; path = English.lproj/InfoPlist.strings; sourceTree = "<group>"; };
		1058C7A1FEA54F0111CA2CBB /* Cocoa.framework */ = {isa = PBXFileReference; lastKnownFileType = wrapper.framework; name = Cocoa.framework; path = /System/Library/Frameworks/Cocoa.framework; sourceTree = "<absolute>"; };
		13E42FB307B3F0F600E4EEF1 /* CoreData.framework */ = {isa = PBXFileReference; lastKnownFileType = wrapper.framework; name = CoreData.framework; path = /System/Library/Frameworks/CoreData.framework; sourceTree = "<absolute>"; };
		1DDD58150DA1D0A300B32029 /* English */ = {isa = PBXFileReference; lastKnownFileType = file.xib; name = English; path = English.lproj/MainMenu.xib; sourceTree = "<group>"; };
		256AC3F00F4B6AF500CF3369 /* Redminer_Prefix.pch */ = {isa = PBXFileReference; fileEncoding = 4; lastKnownFileType = sourcecode.c.h; path = Redminer_Prefix.pch; sourceTree = "<group>"; };
		29B97316FDCFA39411CA2CEA /* main.m */ = {isa = PBXFileReference; fileEncoding = 4; lastKnownFileType = sourcecode.c.objc; path = main.m; sourceTree = "<group>"; };
		29B97324FDCFA39411CA2CEA /* AppKit.framework */ = {isa = PBXFileReference; lastKnownFileType = wrapper.framework; name = AppKit.framework; path = /System/Library/Frameworks/AppKit.framework; sourceTree = "<absolute>"; };
		29B97325FDCFA39411CA2CEA /* Foundation.framework */ = {isa = PBXFileReference; lastKnownFileType = wrapper.framework; name = Foundation.framework; path = /System/Library/Frameworks/Foundation.framework; sourceTree = "<absolute>"; };
		8D1107310486CEB800E47090 /* Redminer-Info.plist */ = {isa = PBXFileReference; fileEncoding = 4; lastKnownFileType = text.plist.xml; path = "Redminer-Info.plist"; sourceTree = "<group>"; };
		8D1107320486CEB800E47090 /* Redminer.app */ = {isa = PBXFileReference; explicitFileType = wrapper.application; includeInIndex = 0; path = Redminer.app; sourceTree = BUILT_PRODUCTS_DIR; };
		9B0E0BBB11AB34A5000432DC /* DictionaryRepresentation.h */ = {isa = PBXFileReference; fileEncoding = 4; lastKnownFileType = sourcecode.c.h; path = DictionaryRepresentation.h; sourceTree = "<group>"; };
		9B154EAC11C539F7009EA276 /* IssueDisplayView.h */ = {isa = PBXFileReference; fileEncoding = 4; lastKnownFileType = sourcecode.c.h; path = IssueDisplayView.h; sourceTree = "<group>"; };
		9B154EAD11C539F7009EA276 /* IssueDisplayView.m */ = {isa = PBXFileReference; fileEncoding = 4; lastKnownFileType = sourcecode.c.objc; path = IssueDisplayView.m; sourceTree = "<group>"; };
		9B154EB111C53A40009EA276 /* WebKit.framework */ = {isa = PBXFileReference; lastKnownFileType = wrapper.framework; name = WebKit.framework; path = System/Library/Frameworks/WebKit.framework; sourceTree = SDKROOT; };
		9B33645F11C5F4B800447412 /* APIOperation.h */ = {isa = PBXFileReference; fileEncoding = 4; lastKnownFileType = sourcecode.c.h; path = APIOperation.h; sourceTree = "<group>"; };
		9B33646011C5F4B800447412 /* APIOperation.m */ = {isa = PBXFileReference; fileEncoding = 4; lastKnownFileType = sourcecode.c.objc; path = APIOperation.m; sourceTree = "<group>"; };
		9B46DCD011ABA087009E522E /* PreferencesController.h */ = {isa = PBXFileReference; fileEncoding = 4; lastKnownFileType = sourcecode.c.h; path = PreferencesController.h; sourceTree = "<group>"; };
		9B46DCD111ABA087009E522E /* PreferencesController.m */ = {isa = PBXFileReference; fileEncoding = 4; lastKnownFileType = sourcecode.c.objc; path = PreferencesController.m; sourceTree = "<group>"; };
		9B46DCF711ABA2CD009E522E /* Preferences.xib */ = {isa = PBXFileReference; lastKnownFileType = file.xib; path = Preferences.xib; sourceTree = "<group>"; };
		9B46DD7A11ABA7F2009E522E /* SystemConfiguration.framework */ = {isa = PBXFileReference; lastKnownFileType = wrapper.framework; name = SystemConfiguration.framework; path = System/Library/Frameworks/SystemConfiguration.framework; sourceTree = SDKROOT; };
		9B5FF22A11C7611E004B5ADD /* default.css */ = {isa = PBXFileReference; fileEncoding = 4; lastKnownFileType = text.css; path = default.css; sourceTree = "<group>"; };
		9B62DA57119F5A2E0056F427 /* Issue.h */ = {isa = PBXFileReference; fileEncoding = 4; lastKnownFileType = sourcecode.c.h; path = Issue.h; sourceTree = "<group>"; };
		9B62DA58119F5A2E0056F427 /* Issue.m */ = {isa = PBXFileReference; fileEncoding = 4; lastKnownFileType = sourcecode.c.objc; path = Issue.m; sourceTree = "<group>"; };
		9B62DA5D119F5A2E0056F427 /* NSArrayAdditions.h */ = {isa = PBXFileReference; fileEncoding = 4; lastKnownFileType = sourcecode.c.h; path = NSArrayAdditions.h; sourceTree = "<group>"; };
		9B62DA5E119F5A2E0056F427 /* NSArrayAdditions.m */ = {isa = PBXFileReference; fileEncoding = 4; lastKnownFileType = sourcecode.c.objc; path = NSArrayAdditions.m; sourceTree = "<group>"; };
		9B62DA5F119F5A2E0056F427 /* Project.h */ = {isa = PBXFileReference; fileEncoding = 4; lastKnownFileType = sourcecode.c.h; path = Project.h; sourceTree = "<group>"; };
		9B62DA60119F5A2E0056F427 /* Project.m */ = {isa = PBXFileReference; fileEncoding = 4; lastKnownFileType = sourcecode.c.objc; path = Project.m; sourceTree = "<group>"; };
		9B62DA61119F5A2E0056F427 /* RedminerAppDelegate.h */ = {isa = PBXFileReference; fileEncoding = 4; lastKnownFileType = sourcecode.c.h; path = RedminerAppDelegate.h; sourceTree = "<group>"; };
		9B62DA62119F5A2E0056F427 /* RedminerAppDelegate.m */ = {isa = PBXFileReference; fileEncoding = 4; lastKnownFileType = sourcecode.c.objc; path = RedminerAppDelegate.m; sourceTree = "<group>"; };
		9B674FC011A9D39F00C9BAAD /* _Note.h */ = {isa = PBXFileReference; fileEncoding = 4; lastKnownFileType = sourcecode.c.h; path = _Note.h; sourceTree = "<group>"; };
		9B674FC111A9D39F00C9BAAD /* _Note.m */ = {isa = PBXFileReference; fileEncoding = 4; lastKnownFileType = sourcecode.c.objc; path = _Note.m; sourceTree = "<group>"; };
		9B674FC211A9D39F00C9BAAD /* Note.h */ = {isa = PBXFileReference; fileEncoding = 4; lastKnownFileType = sourcecode.c.h; path = Note.h; sourceTree = "<group>"; };
		9B674FC311A9D39F00C9BAAD /* Note.m */ = {isa = PBXFileReference; fileEncoding = 4; lastKnownFileType = sourcecode.c.objc; path = Note.m; sourceTree = "<group>"; };
		9B6751CC11A9E8E100C9BAAD /* StatusLabel.h */ = {isa = PBXFileReference; fileEncoding = 4; lastKnownFileType = sourcecode.c.h; path = StatusLabel.h; sourceTree = "<group>"; };
		9B6751CD11A9E8E100C9BAAD /* StatusLabel.m */ = {isa = PBXFileReference; fileEncoding = 4; lastKnownFileType = sourcecode.c.objc; path = StatusLabel.m; sourceTree = "<group>"; };
		9B6751ED11A9EAE600C9BAAD /* GOLogger.h */ = {isa = PBXFileReference; fileEncoding = 4; lastKnownFileType = sourcecode.c.h; path = GOLogger.h; sourceTree = "<group>"; };
		9B6751EE11A9EAE600C9BAAD /* GOLogger.m */ = {isa = PBXFileReference; fileEncoding = 4; lastKnownFileType = sourcecode.c.objc; path = GOLogger.m; sourceTree = "<group>"; };
		9B8AFB8311AD01FF00C750F1 /* Sparkle.framework */ = {isa = PBXFileReference; lastKnownFileType = wrapper.framework; name = Sparkle.framework; path = "../Sparkle 1/Sparkle.framework"; sourceTree = SOURCE_ROOT; };
		9BA93BAD11A7A34F00C7B761 /* CoreData.framework */ = {isa = PBXFileReference; lastKnownFileType = wrapper.framework; name = CoreData.framework; path = System/Library/Frameworks/CoreData.framework; sourceTree = SDKROOT; };
		9BA93BAF11A7A37B00C7B761 /* Redminer.xcdatamodel */ = {isa = PBXFileReference; fileEncoding = 4; lastKnownFileType = wrapper.xcdatamodel; path = Redminer.xcdatamodel; sourceTree = "<group>"; };
		9BA93BBC11A7A57A00C7B761 /* _Issue.h */ = {isa = PBXFileReference; fileEncoding = 4; lastKnownFileType = sourcecode.c.h; path = _Issue.h; sourceTree = "<group>"; };
		9BA93BBD11A7A57A00C7B761 /* _Issue.m */ = {isa = PBXFileReference; fileEncoding = 4; lastKnownFileType = sourcecode.c.objc; path = _Issue.m; sourceTree = "<group>"; };
		9BA93BC211A7A57A00C7B761 /* _Project.h */ = {isa = PBXFileReference; fileEncoding = 4; lastKnownFileType = sourcecode.c.h; path = _Project.h; sourceTree = "<group>"; };
		9BA93BC311A7A57A00C7B761 /* _Project.m */ = {isa = PBXFileReference; fileEncoding = 4; lastKnownFileType = sourcecode.c.objc; path = _Project.m; sourceTree = "<group>"; };
		9BA93C0B11A7A64F00C7B761 /* CoreDataVendor.h */ = {isa = PBXFileReference; fileEncoding = 4; lastKnownFileType = sourcecode.c.h; path = CoreDataVendor.h; sourceTree = "<group>"; };
		9BA93C0C11A7A64F00C7B761 /* CoreDataVendor.m */ = {isa = PBXFileReference; fileEncoding = 4; lastKnownFileType = sourcecode.c.objc; path = CoreDataVendor.m; sourceTree = "<group>"; };
		9BBF538211A638140091E3CE /* ProjectDataSource.h */ = {isa = PBXFileReference; fileEncoding = 4; lastKnownFileType = sourcecode.c.h; path = ProjectDataSource.h; sourceTree = "<group>"; };
		9BBF538311A638140091E3CE /* ProjectDataSource.m */ = {isa = PBXFileReference; fileEncoding = 4; lastKnownFileType = sourcecode.c.objc; path = ProjectDataSource.m; sourceTree = "<group>"; };
		9BBF543211A647650091E3CE /* IssueCell.h */ = {isa = PBXFileReference; fileEncoding = 4; lastKnownFileType = sourcecode.c.h; path = IssueCell.h; sourceTree = "<group>"; };
		9BBF543311A647650091E3CE /* IssueCell.m */ = {isa = PBXFileReference; fileEncoding = 4; lastKnownFileType = sourcecode.c.objc; path = IssueCell.m; sourceTree = "<group>"; };
		9BBF551711A65F900091E3CE /* ProjectCell.h */ = {isa = PBXFileReference; fileEncoding = 4; lastKnownFileType = sourcecode.c.h; path = ProjectCell.h; sourceTree = "<group>"; };
		9BBF551811A65F900091E3CE /* ProjectCell.m */ = {isa = PBXFileReference; fileEncoding = 4; lastKnownFileType = sourcecode.c.objc; path = ProjectCell.m; sourceTree = "<group>"; };
/* End PBXFileReference section */

/* Begin PBXFrameworksBuildPhase section */
		8D11072E0486CEB800E47090 /* Frameworks */ = {
			isa = PBXFrameworksBuildPhase;
			buildActionMask = 2147483647;
			files = (
				8D11072F0486CEB800E47090 /* Cocoa.framework in Frameworks */,
				9BA93BAE11A7A34F00C7B761 /* CoreData.framework in Frameworks */,
				9B46DD7B11ABA7F2009E522E /* SystemConfiguration.framework in Frameworks */,
				9B8AFB8411AD01FF00C750F1 /* Sparkle.framework in Frameworks */,
				9B154EB211C53A40009EA276 /* WebKit.framework in Frameworks */,
			);
			runOnlyForDeploymentPostprocessing = 0;
		};
/* End PBXFrameworksBuildPhase section */

/* Begin PBXGroup section */
		1058C7A0FEA54F0111CA2CBB /* Linked Frameworks */ = {
			isa = PBXGroup;
			children = (
				9B8AFB8311AD01FF00C750F1 /* Sparkle.framework */,
				1058C7A1FEA54F0111CA2CBB /* Cocoa.framework */,
				9BA93BAD11A7A34F00C7B761 /* CoreData.framework */,
				9B46DD7A11ABA7F2009E522E /* SystemConfiguration.framework */,
				9B154EB111C53A40009EA276 /* WebKit.framework */,
			);
			name = "Linked Frameworks";
			sourceTree = "<group>";
		};
		1058C7A2FEA54F0111CA2CBB /* Other Frameworks */ = {
			isa = PBXGroup;
			children = (
				29B97324FDCFA39411CA2CEA /* AppKit.framework */,
				13E42FB307B3F0F600E4EEF1 /* CoreData.framework */,
				29B97325FDCFA39411CA2CEA /* Foundation.framework */,
			);
			name = "Other Frameworks";
			sourceTree = "<group>";
		};
		19C28FACFE9D520D11CA2CBB /* Products */ = {
			isa = PBXGroup;
			children = (
				8D1107320486CEB800E47090 /* Redminer.app */,
			);
			name = Products;
			sourceTree = "<group>";
		};
		29B97314FDCFA39411CA2CEA /* Redminer */ = {
			isa = PBXGroup;
			children = (
				9B62DA54119F5A2E0056F427 /* Classes */,
				29B97315FDCFA39411CA2CEA /* Other Sources */,
				29B97317FDCFA39411CA2CEA /* Resources */,
				29B97323FDCFA39411CA2CEA /* Frameworks */,
				19C28FACFE9D520D11CA2CBB /* Products */,
			);
			name = Redminer;
			sourceTree = "<group>";
		};
		29B97315FDCFA39411CA2CEA /* Other Sources */ = {
			isa = PBXGroup;
			children = (
				256AC3F00F4B6AF500CF3369 /* Redminer_Prefix.pch */,
				29B97316FDCFA39411CA2CEA /* main.m */,
			);
			name = "Other Sources";
			sourceTree = "<group>";
		};
		29B97317FDCFA39411CA2CEA /* Resources */ = {
			isa = PBXGroup;
			children = (
				8D1107310486CEB800E47090 /* Redminer-Info.plist */,
				089C165CFE840E0CC02AAC07 /* InfoPlist.strings */,
				1DDD58140DA1D0A300B32029 /* MainMenu.xib */,
				9BA93BAF11A7A37B00C7B761 /* Redminer.xcdatamodel */,
				9B46DCF711ABA2CD009E522E /* Preferences.xib */,
				9B5FF22A11C7611E004B5ADD /* default.css */,
			);
			name = Resources;
			sourceTree = "<group>";
		};
		29B97323FDCFA39411CA2CEA /* Frameworks */ = {
			isa = PBXGroup;
			children = (
				1058C7A0FEA54F0111CA2CBB /* Linked Frameworks */,
				1058C7A2FEA54F0111CA2CBB /* Other Frameworks */,
			);
			name = Frameworks;
			sourceTree = "<group>";
		};
		9B62DA54119F5A2E0056F427 /* Classes */ = {
			isa = PBXGroup;
			children = (
				9B62DA70119F5A440056F427 /* API Support */,
				9B62DA71119F5A4D0056F427 /* Accessory Classes */,
				9BBF551611A65F880091E3CE /* UI */,
				9B62DA61119F5A2E0056F427 /* RedminerAppDelegate.h */,
				9B62DA62119F5A2E0056F427 /* RedminerAppDelegate.m */,
			);
			path = Classes;
			sourceTree = "<group>";
		};
		9B62DA70119F5A440056F427 /* API Support */ = {
			isa = PBXGroup;
			children = (
				9BBF538211A638140091E3CE /* ProjectDataSource.h */,
				9BBF538311A638140091E3CE /* ProjectDataSource.m */,
				9BA93BCB11A7A58100C7B761 /* Machine Generated */,
				9B674FC211A9D39F00C9BAAD /* Note.h */,
				9B674FC311A9D39F00C9BAAD /* Note.m */,
				9B62DA57119F5A2E0056F427 /* Issue.h */,
				9B62DA58119F5A2E0056F427 /* Issue.m */,
				9B62DA5F119F5A2E0056F427 /* Project.h */,
				9B62DA60119F5A2E0056F427 /* Project.m */,
				9B33645F11C5F4B800447412 /* APIOperation.h */,
				9B33646011C5F4B800447412 /* APIOperation.m */,
			);
			name = "API Support";
			sourceTree = "<group>";
		};
		9B62DA71119F5A4D0056F427 /* Accessory Classes */ = {
			isa = PBXGroup;
			children = (
				9BA93C0B11A7A64F00C7B761 /* CoreDataVendor.h */,
				9BA93C0C11A7A64F00C7B761 /* CoreDataVendor.m */,
				9B62DA5D119F5A2E0056F427 /* NSArrayAdditions.h */,
				9B62DA5E119F5A2E0056F427 /* NSArrayAdditions.m */,
				9B6751ED11A9EAE600C9BAAD /* GOLogger.h */,
				9B6751EE11A9EAE600C9BAAD /* GOLogger.m */,
				9B0E0BBB11AB34A5000432DC /* DictionaryRepresentation.h */,
			);
			name = "Accessory Classes";
			sourceTree = "<group>";
		};
		9BA93BCB11A7A58100C7B761 /* Machine Generated */ = {
			isa = PBXGroup;
			children = (
				9B674FC011A9D39F00C9BAAD /* _Note.h */,
				9B674FC111A9D39F00C9BAAD /* _Note.m */,
				9BA93BBC11A7A57A00C7B761 /* _Issue.h */,
				9BA93BBD11A7A57A00C7B761 /* _Issue.m */,
				9BA93BC211A7A57A00C7B761 /* _Project.h */,
				9BA93BC311A7A57A00C7B761 /* _Project.m */,
			);
			name = "Machine Generated";
			sourceTree = "<group>";
		};
		9BBF551611A65F880091E3CE /* UI */ = {
			isa = PBXGroup;
			children = (
				9BBF543211A647650091E3CE /* IssueCell.h */,
				9BBF543311A647650091E3CE /* IssueCell.m */,
				9BBF551711A65F900091E3CE /* ProjectCell.h */,
				9BBF551811A65F900091E3CE /* ProjectCell.m */,
				9B6751CC11A9E8E100C9BAAD /* StatusLabel.h */,
				9B6751CD11A9E8E100C9BAAD /* StatusLabel.m */,
				9B46DCD011ABA087009E522E /* PreferencesController.h */,
				9B46DCD111ABA087009E522E /* PreferencesController.m */,
				9B154EAC11C539F7009EA276 /* IssueDisplayView.h */,
				9B154EAD11C539F7009EA276 /* IssueDisplayView.m */,
			);
			name = UI;
			sourceTree = "<group>";
		};
/* End PBXGroup section */

/* Begin PBXNativeTarget section */
		8D1107260486CEB800E47090 /* Redminer */ = {
			isa = PBXNativeTarget;
			buildConfigurationList = C01FCF4A08A954540054247B /* Build configuration list for PBXNativeTarget "Redminer" */;
			buildPhases = (
				9B8AFBA511AD02CC00C750F1 /* Sparkle */,
				8D1107290486CEB800E47090 /* Resources */,
				8D11072C0486CEB800E47090 /* Sources */,
				8D11072E0486CEB800E47090 /* Frameworks */,
			);
			buildRules = (
			);
			dependencies = (
			);
			name = Redminer;
			productInstallPath = "$(HOME)/Applications";
			productName = Redminer;
			productReference = 8D1107320486CEB800E47090 /* Redminer.app */;
			productType = "com.apple.product-type.application";
		};
/* End PBXNativeTarget section */

/* Begin PBXProject section */
		29B97313FDCFA39411CA2CEA /* Project object */ = {
			isa = PBXProject;
			attributes = {
				ORGANIZATIONNAME = Goodwinlabs;
			};
			buildConfigurationList = C01FCF4E08A954540054247B /* Build configuration list for PBXProject "Redminer" */;
			compatibilityVersion = "Xcode 3.1";
			hasScannedForEncodings = 1;
			mainGroup = 29B97314FDCFA39411CA2CEA /* Redminer */;
			projectDirPath = "";
			projectRoot = "";
			targets = (
				8D1107260486CEB800E47090 /* Redminer */,
			);
		};
/* End PBXProject section */

/* Begin PBXResourcesBuildPhase section */
		8D1107290486CEB800E47090 /* Resources */ = {
			isa = PBXResourcesBuildPhase;
			buildActionMask = 2147483647;
			files = (
				8D11072B0486CEB800E47090 /* InfoPlist.strings in Resources */,
				1DDD58160DA1D0A300B32029 /* MainMenu.xib in Resources */,
				9B46DCF811ABA2CD009E522E /* Preferences.xib in Resources */,
				9B5FF22B11C7611E004B5ADD /* default.css in Resources */,
			);
			runOnlyForDeploymentPostprocessing = 0;
		};
/* End PBXResourcesBuildPhase section */

/* Begin PBXSourcesBuildPhase section */
		8D11072C0486CEB800E47090 /* Sources */ = {
			isa = PBXSourcesBuildPhase;
			buildActionMask = 2147483647;
			files = (
				8D11072D0486CEB800E47090 /* main.m in Sources */,
				9B62DA68119F5A2E0056F427 /* Issue.m in Sources */,
				9B62DA6B119F5A2E0056F427 /* NSArrayAdditions.m in Sources */,
				9B62DA6C119F5A2E0056F427 /* Project.m in Sources */,
				9B62DA6D119F5A2E0056F427 /* RedminerAppDelegate.m in Sources */,
				9BBF538411A638140091E3CE /* ProjectDataSource.m in Sources */,
				9BBF543411A647650091E3CE /* IssueCell.m in Sources */,
				9BBF551911A65F900091E3CE /* ProjectCell.m in Sources */,
				9BA93BB011A7A37B00C7B761 /* Redminer.xcdatamodel in Sources */,
				9BA93BC611A7A57A00C7B761 /* _Issue.m in Sources */,
				9BA93BC911A7A57A00C7B761 /* _Project.m in Sources */,
				9BA93C0D11A7A64F00C7B761 /* CoreDataVendor.m in Sources */,
				9B674FC411A9D39F00C9BAAD /* _Note.m in Sources */,
				9B674FC511A9D39F00C9BAAD /* Note.m in Sources */,
				9B6751CE11A9E8E100C9BAAD /* StatusLabel.m in Sources */,
				9B6751EF11A9EAE600C9BAAD /* GOLogger.m in Sources */,
				9B46DCD211ABA087009E522E /* PreferencesController.m in Sources */,
				9B154EAE11C539F7009EA276 /* IssueDisplayView.m in Sources */,
				9B33646111C5F4B800447412 /* APIOperation.m in Sources */,
			);
			runOnlyForDeploymentPostprocessing = 0;
		};
/* End PBXSourcesBuildPhase section */

/* Begin PBXVariantGroup section */
		089C165CFE840E0CC02AAC07 /* InfoPlist.strings */ = {
			isa = PBXVariantGroup;
			children = (
				089C165DFE840E0CC02AAC07 /* English */,
			);
			name = InfoPlist.strings;
			sourceTree = "<group>";
		};
		1DDD58140DA1D0A300B32029 /* MainMenu.xib */ = {
			isa = PBXVariantGroup;
			children = (
				1DDD58150DA1D0A300B32029 /* English */,
			);
			name = MainMenu.xib;
			sourceTree = "<group>";
		};
/* End PBXVariantGroup section */

/* Begin XCBuildConfiguration section */
		C01FCF4B08A954540054247B /* Debug */ = {
			isa = XCBuildConfiguration;
			buildSettings = {
				ALWAYS_SEARCH_USER_PATHS = NO;
				COPY_PHASE_STRIP = NO;
				FRAMEWORK_SEARCH_PATHS = (
					"$(inherited)",
					"\"$(SRCROOT)\"",
					"\"$(SRCROOT)/../Sparkle 1\"",
				);
				GCC_DYNAMIC_NO_PIC = NO;
				GCC_ENABLE_FIX_AND_CONTINUE = YES;
				GCC_MODEL_TUNING = G5;
				GCC_OPTIMIZATION_LEVEL = 0;
				GCC_PRECOMPILE_PREFIX_HEADER = YES;
				GCC_PREFIX_HEADER = Redminer_Prefix.pch;
				INFOPLIST_FILE = "Redminer-Info.plist";
				INSTALL_PATH = "$(HOME)/Applications";
				PRODUCT_NAME = Redminer;
			};
			name = Debug;
		};
		C01FCF4C08A954540054247B /* Release */ = {
			isa = XCBuildConfiguration;
			buildSettings = {
				ALWAYS_SEARCH_USER_PATHS = NO;
				DEBUG_INFORMATION_FORMAT = "dwarf-with-dsym";
				FRAMEWORK_SEARCH_PATHS = (
					"$(inherited)",
					"\"$(SRCROOT)\"",
					"\"$(SRCROOT)/../Sparkle 1\"",
				);
				GCC_MODEL_TUNING = G5;
				GCC_PRECOMPILE_PREFIX_HEADER = YES;
				GCC_PREFIX_HEADER = Redminer_Prefix.pch;
				INFOPLIST_FILE = "Redminer-Info.plist";
				INSTALL_PATH = "$(HOME)/Applications";
				PRODUCT_NAME = Redminer;
			};
			name = Release;
		};
		C01FCF4F08A954540054247B /* Debug */ = {
			isa = XCBuildConfiguration;
			buildSettings = {
				ARCHS = "$(ARCHS_STANDARD_64_BIT)";
				GCC_C_LANGUAGE_STANDARD = gnu99;
				GCC_OPTIMIZATION_LEVEL = 0;
				GCC_VERSION = com.apple.compilers.llvm.clang.1_0;
				GCC_WARN_ABOUT_RETURN_TYPE = YES;
				GCC_WARN_UNUSED_VARIABLE = YES;
				ONLY_ACTIVE_ARCH = YES;
				PREBINDING = NO;
				SDKROOT = macosx10.6;
			};
			name = Debug;
		};
		C01FCF5008A954540054247B /* Release */ = {
			isa = XCBuildConfiguration;
			buildSettings = {
				ARCHS = "$(ARCHS_STANDARD_64_BIT)";
				GCC_C_LANGUAGE_STANDARD = gnu99;
				GCC_VERSION = com.apple.compilers.llvm.clang.1_0;
				GCC_WARN_ABOUT_RETURN_TYPE = YES;
				GCC_WARN_UNUSED_VARIABLE = YES;
				PREBINDING = NO;
				SDKROOT = macosx10.6;
			};
			name = Release;
		};
/* End XCBuildConfiguration section */

/* Begin XCConfigurationList section */
		C01FCF4A08A954540054247B /* Build configuration list for PBXNativeTarget "Redminer" */ = {
			isa = XCConfigurationList;
			buildConfigurations = (
				C01FCF4B08A954540054247B /* Debug */,
				C01FCF4C08A954540054247B /* Release */,
			);
			defaultConfigurationIsVisible = 0;
			defaultConfigurationName = Release;
		};
		C01FCF4E08A954540054247B /* Build configuration list for PBXProject "Redminer" */ = {
			isa = XCConfigurationList;
			buildConfigurations = (
				C01FCF4F08A954540054247B /* Debug */,
				C01FCF5008A954540054247B /* Release */,
			);
			defaultConfigurationIsVisible = 0;
			defaultConfigurationName = Release;
		};
/* End XCConfigurationList section */
	};
	rootObject = 29B97313FDCFA39411CA2CEA /* Project object */;
}
